Microsoft Visual Studio Solution File, Format Version 12.00
# Visual Studio 15
Project("{8BC9CEB8-8B4A-11D0-8D11-00A0C91BC942}") = "ALL_BUILD", "ALL_BUILD.vcxproj", "{CCF19C60-296A-389A-AA16-AEDEAFB8295B}"
	ProjectSection(ProjectDependencies) = postProject
		{097F6FD7-4711-36D9-98CE-B2A512588F5F} = {097F6FD7-4711-36D9-98CE-B2A512588F5F}
		{153FBCFF-E8D2-330F-B368-3F23C5329632} = {153FBCFF-E8D2-330F-B368-3F23C5329632}
	EndProjectSection
EndProject
Project("{8BC9CEB8-8B4A-11D0-8D11-00A0C91BC942}") = "INSTALL", "INSTALL.vcxproj", "{4708D30C-F9CE-3F13-9263-5C0A9916CFE4}"
	ProjectSection(ProjectDependencies) = postProject
		{CCF19C60-296A-389A-AA16-AEDEAFB8295B} = {CCF19C60-296A-389A-AA16-AEDEAFB8295B}
		{097F6FD7-4711-36D9-98CE-B2A512588F5F} = {097F6FD7-4711-36D9-98CE-B2A512588F5F}
	EndProjectSection
EndProject
Project("{8BC9CEB8-8B4A-11D0-8D11-00A0C91BC942}") = "PACKAGE", "PACKAGE.vcxproj", "{DCAD5892-5877-35A2-9719-ACAEE56D08B4}"
	ProjectSection(ProjectDependencies) = postProject
		{CCF19C60-296A-389A-AA16-AEDEAFB8295B} = {CCF19C60-296A-389A-AA16-AEDEAFB8295B}
		{097F6FD7-4711-36D9-98CE-B2A512588F5F} = {097F6FD7-4711-36D9-98CE-B2A512588F5F}
	EndProjectSection
EndProject
Project("{8BC9CEB8-8B4A-11D0-8D11-00A0C91BC942}") = "ZERO_CHECK", "ZERO_CHECK.vcxproj", "{097F6FD7-4711-36D9-98CE-B2A512588F5F}"
	ProjectSection(ProjectDependencies) = postProject
	EndProjectSection
EndProject
Project("{8BC9CEB8-8B4A-11D0-8D11-00A0C91BC942}") = "dlib", "dlib\dlib.vcxproj", "{153FBCFF-E8D2-330F-B368-3F23C5329632}"
	ProjectSection(ProjectDependencies) = postProject
		{097F6FD7-4711-36D9-98CE-B2A512588F5F} = {097F6FD7-4711-36D9-98CE-B2A512588F5F}
	EndProjectSection
EndProject
Global
	GlobalSection(SolutionConfigurationPlatforms) = preSolution
		Debug|x64 = Debug|x64
		Release|x64 = Release|x64
		MinSizeRel|x64 = MinSizeRel|x64
		RelWithDebInfo|x64 = RelWithDebInfo|x64
	EndGlobalSection
	GlobalSection(ProjectConfigurationPlatforms) = postSolution
		{CCF19C60-296A-389A-AA16-AEDEAFB8295B}.Debug|x64.ActiveCfg = Debug|x64
		{CCF19C60-296A-389A-AA16-AEDEAFB8295B}.Debug|x64.Build.0 = Debug|x64
		{CCF19C60-296A-389A-AA16-AEDEAFB8295B}.Release|x64.ActiveCfg = Release|x64
		{CCF19C60-296A-389A-AA16-AEDEAFB8295B}.Release|x64.Build.0 = Release|x64
		{CCF19C60-296A-389A-AA16-AEDEAFB8295B}.MinSizeRel|x64.ActiveCfg = MinSizeRel|x64
		{CCF19C60-296A-389A-AA16-AEDEAFB8295B}.MinSizeRel|x64.Build.0 = MinSizeRel|x64
		{CCF19C60-296A-389A-AA16-AEDEAFB8295B}.RelWithDebInfo|x64.ActiveCfg = RelWithDebInfo|x64
		{CCF19C60-296A-389A-AA16-AEDEAFB8295B}.RelWithDebInfo|x64.Build.0 = RelWithDebInfo|x64
		{4708D30C-F9CE-3F13-9263-5C0A9916CFE4}.Debug|x64.ActiveCfg = Debug|x64
		{4708D30C-F9CE-3F13-9263-5C0A9916CFE4}.Release|x64.ActiveCfg = Release|x64
		{4708D30C-F9CE-3F13-9263-5C0A9916CFE4}.MinSizeRel|x64.ActiveCfg = MinSizeRel|x64
		{4708D30C-F9CE-3F13-9263-5C0A9916CFE4}.RelWithDebInfo|x64.ActiveCfg = RelWithDebInfo|x64
		{DCAD5892-5877-35A2-9719-ACAEE56D08B4}.Debug|x64.ActiveCfg = Debug|x64
		{DCAD5892-5877-35A2-9719-ACAEE56D08B4}.Release|x64.ActiveCfg = Release|x64
		{DCAD5892-5877-35A2-9719-ACAEE56D08B4}.MinSizeRel|x64.ActiveCfg = MinSizeRel|x64
		{DCAD5892-5877-35A2-9719-ACAEE56D08B4}.RelWithDebInfo|x64.ActiveCfg = RelWithDebInfo|x64
		{097F6FD7-4711-36D9-98CE-B2A512588F5F}.Debug|x64.ActiveCfg = Debug|x64
		{097F6FD7-4711-36D9-98CE-B2A512588F5F}.Debug|x64.Build.0 = Debug|x64
		{097F6FD7-4711-36D9-98CE-B2A512588F5F}.Release|x64.ActiveCfg = Release|x64
		{097F6FD7-4711-36D9-98CE-B2A512588F5F}.Release|x64.Build.0 = Release|x64
		{097F6FD7-4711-36D9-98CE-B2A512588F5F}.MinSizeRel|x64.ActiveCfg = MinSizeRel|x64
		{097F6FD7-4711-36D9-98CE-B2A512588F5F}.MinSizeRel|x64.Build.0 = MinSizeRel|x64
		{097F6FD7-4711-36D9-98CE-B2A512588F5F}.RelWithDebInfo|x64.ActiveCfg = RelWithDebInfo|x64
		{097F6FD7-4711-36D9-98CE-B2A512588F5F}.RelWithDebInfo|x64.Build.0 = RelWithDebInfo|x64
		{153FBCFF-E8D2-330F-B368-3F23C5329632}.Debug|x64.ActiveCfg = Debug|x64
		{153FBCFF-E8D2-330F-B368-3F23C5329632}.Debug|x64.Build.0 = Debug|x64
		{153FBCFF-E8D2-330F-B368-3F23C5329632}.Release|x64.ActiveCfg = Release|x64
		{153FBCFF-E8D2-330F-B368-3F23C5329632}.Release|x64.Build.0 = Release|x64
		{153FBCFF-E8D2-330F-B368-3F23C5329632}.MinSizeRel|x64.ActiveCfg = MinSizeRel|x64
		{153FBCFF-E8D2-330F-B368-3F23C5329632}.MinSizeRel|x64.Build.0 = MinSizeRel|x64
		{153FBCFF-E8D2-330F-B368-3F23C5329632}.RelWithDebInfo|x64.ActiveCfg = RelWithDebInfo|x64
		{153FBCFF-E8D2-330F-B368-3F23C5329632}.RelWithDebInfo|x64.Build.0 = RelWithDebInfo|x64
	EndGlobalSection
	GlobalSection(ExtensibilityGlobals) = postSolution
		SolutionGuid = {EC6AEB98-CA7D-3D04-B8F4-ABBD5515C516}
	EndGlobalSection
	GlobalSection(ExtensibilityAddIns) = postSolution
	EndGlobalSection
EndGlobal
